
Microsoft Visual Studio Solution File, Format Version 12.00
# Visual Studio Version 17
VisualStudioVersion = 17.14.36202.13 d17.14
MinimumVisualStudioVersion = 10.0.40219.1
Project("{FAE04EC0-301F-11D3-BF4B-00C04F79EFBC}") = "Unit6", "Unit6\Unit6.csproj", "{679CDB76-42D6-49A2-A82E-2583AC330543}"
EndProject
Global
	GlobalSection(SolutionConfigurationPlatforms) = preSolution
		Debug|Any CPU = Debug|Any CPU
		Release|Any CPU = Release|Any CPU
	EndGlobalSection
	GlobalSection(ProjectConfigurationPlatforms) = postSolution
		{679CDB76-42D6-49A2-A82E-2583AC330543}.Debug|Any CPU.ActiveCfg = Debug|Any CPU
		{679CDB76-42D6-49A2-A82E-2583AC330543}.Debug|Any CPU.Build.0 = Debug|Any CPU
		{679CDB76-42D6-49A2-A82E-2583AC330543}.Release|Any CPU.ActiveCfg = Release|Any CPU
		{679CDB76-42D6-49A2-A82E-2583AC330543}.Release|Any CPU.Build.0 = Release|Any CPU
	EndGlobalSection
	GlobalSection(SolutionProperties) = preSolution
		HideSolutionNode = FALSE
	EndGlobalSection
	GlobalSection(ExtensibilityGlobals) = postSolution
		SolutionGuid = {83790290-8797-4C32-8D0A-315B860A6DC7}
	EndGlobalSection
EndGlobal
